
Microsoft Visual Studio Solution File, Format Version 12.00
# Visual Studio Version 17
VisualStudioVersion = 17.4.33205.214
MinimumVisualStudioVersion = 10.0.40219.1
Project("{FAE04EC0-301F-11D3-BF4B-00C04F79EFBC}") = "Datalagring_Course_submission", "Datalagring_Course_submission\Datalagring_Course_submission.csproj", "{22E50222-36C6-4BAD-8553-DD7D9F31D438}"
EndProject
Global
	GlobalSection(SolutionConfigurationPlatforms) = preSolution
		Debug|Any CPU = Debug|Any CPU
		Release|Any CPU = Release|Any CPU
	EndGlobalSection
	GlobalSection(ProjectConfigurationPlatforms) = postSolution
		{22E50222-36C6-4BAD-8553-DD7D9F31D438}.Debug|Any CPU.ActiveCfg = Debug|Any CPU
		{22E50222-36C6-4BAD-8553-DD7D9F31D438}.Debug|Any CPU.Build.0 = Debug|Any CPU
		{22E50222-36C6-4BAD-8553-DD7D9F31D438}.Release|Any CPU.ActiveCfg = Release|Any CPU
		{22E50222-36C6-4BAD-8553-DD7D9F31D438}.Release|Any CPU.Build.0 = Release|Any CPU
	EndGlobalSection
	GlobalSection(SolutionProperties) = preSolution
		HideSolutionNode = FALSE
	EndGlobalSection
	GlobalSection(ExtensibilityGlobals) = postSolution
		SolutionGuid = {D93FEFEA-29EF-4F0A-A298-6EDD0FB6D353}
	EndGlobalSection
EndGlobal
